
Microsoft Visual Studio Solution File, Format Version 12.00
# Visual Studio Version 17
VisualStudioVersion = 17.9.34902.65
MinimumVisualStudioVersion = 10.0.40219.1
Project("{FAE04EC0-301F-11D3-BF4B-00C04F79EFBC}") = "CacheAsidePatternExampleWithRedis", "CacheAsidePatternExampleWithRedis\CacheAsidePatternExampleWithRedis.csproj", "{B7D0D477-EE3D-48D8-BFF2-AE4FDC13DBE6}"
EndProject
Global
	GlobalSection(SolutionConfigurationPlatforms) = preSolution
		Debug|Any CPU = Debug|Any CPU
		Release|Any CPU = Release|Any CPU
	EndGlobalSection
	GlobalSection(ProjectConfigurationPlatforms) = postSolution
		{B7D0D477-EE3D-48D8-BFF2-AE4FDC13DBE6}.Debug|Any CPU.ActiveCfg = Debug|Any CPU
		{B7D0D477-EE3D-48D8-BFF2-AE4FDC13DBE6}.Debug|Any CPU.Build.0 = Debug|Any CPU
		{B7D0D477-EE3D-48D8-BFF2-AE4FDC13DBE6}.Release|Any CPU.ActiveCfg = Release|Any CPU
		{B7D0D477-EE3D-48D8-BFF2-AE4FDC13DBE6}.Release|Any CPU.Build.0 = Release|Any CPU
	EndGlobalSection
	GlobalSection(SolutionProperties) = preSolution
		HideSolutionNode = FALSE
	EndGlobalSection
	GlobalSection(ExtensibilityGlobals) = postSolution
		SolutionGuid = {985AE109-65C3-45C7-BDF6-0DAA0EA613AE}
	EndGlobalSection
EndGlobal
